
Microsoft Visual Studio Solution File, Format Version 12.00
# Visual Studio Version 17
VisualStudioVersion = 17.0.31903.59
MinimumVisualStudioVersion = 10.0.40219.1
Project("{2150E333-8FDC-42A3-9474-1A3956D46DE8}") = "src", "src", "{827E0CD3-B72D-47B6-A68D-7590B98EB39B}"
EndProject
Project("{FAE04EC0-301F-11D3-BF4B-00C04F79EFBC}") = "Platform.Application", "src\Platform.Application\Platform.Application.csproj", "{5A79D59D-0800-417C-B61D-AAF7495CBAE4}"
EndProject
Project("{FAE04EC0-301F-11D3-BF4B-00C04F79EFBC}") = "Platform.Core", "src\Platform.Core\Platform.Core.csproj", "{8763D8E0-880B-41CF-8F3B-DB10B9CB74F6}"
EndProject
Project("{FAE04EC0-301F-11D3-BF4B-00C04F79EFBC}") = "Platform.Infrastructure", "src\Platform.Infrastructure\Platform.Infrastructure.csproj", "{6B2BEF0F-B7E0-4D31-B879-531BFC1DC4E5}"
EndProject
Project("{FAE04EC0-301F-11D3-BF4B-00C04F79EFBC}") = "Platform.Shared", "src\Platform.Shared\Platform.Shared.csproj", "{FBF40FB7-5CE9-4C9C-9A1A-B9E0613F893D}"
EndProject
Project("{2150E333-8FDC-42A3-9474-1A3956D46DE8}") = "tests", "tests", "{0AB3BF05-4346-4AA6-1389-037BE0695223}"
EndProject
Project("{FAE04EC0-301F-11D3-BF4B-00C04F79EFBC}") = "Platform.UnitTests", "tests\Platform.UnitTests\Platform.UnitTests.csproj", "{8532B29C-9E84-4CE3-A6A1-B3BC0BBE2728}"
EndProject
Project("{FAE04EC0-301F-11D3-BF4B-00C04F79EFBC}") = "Platform.IntegrationTests", "tests\Platform.IntegrationTests\Platform.IntegrationTests.csproj", "{76F4AD43-E12D-40A5-B154-3B6DBECB3CC8}"
EndProject
Project("{FAE04EC0-301F-11D3-BF4B-00C04F79EFBC}") = "Platform", "Platform\Platform.csproj", "{0A0E5F26-7422-4522-9E2F-111DF4EC2706}"
EndProject
Global
	GlobalSection(SolutionConfigurationPlatforms) = preSolution
		Debug|Any CPU = Debug|Any CPU
		Debug|x64 = Debug|x64
		Debug|x86 = Debug|x86
		Release|Any CPU = Release|Any CPU
		Release|x64 = Release|x64
		Release|x86 = Release|x86
	EndGlobalSection
	GlobalSection(ProjectConfigurationPlatforms) = postSolution
		{5A79D59D-0800-417C-B61D-AAF7495CBAE4}.Debug|Any CPU.ActiveCfg = Debug|Any CPU
		{5A79D59D-0800-417C-B61D-AAF7495CBAE4}.Debug|Any CPU.Build.0 = Debug|Any CPU
		{5A79D59D-0800-417C-B61D-AAF7495CBAE4}.Debug|x64.ActiveCfg = Debug|Any CPU
		{5A79D59D-0800-417C-B61D-AAF7495CBAE4}.Debug|x64.Build.0 = Debug|Any CPU
		{5A79D59D-0800-417C-B61D-AAF7495CBAE4}.Debug|x86.ActiveCfg = Debug|Any CPU
		{5A79D59D-0800-417C-B61D-AAF7495CBAE4}.Debug|x86.Build.0 = Debug|Any CPU
		{5A79D59D-0800-417C-B61D-AAF7495CBAE4}.Release|Any CPU.ActiveCfg = Release|Any CPU
		{5A79D59D-0800-417C-B61D-AAF7495CBAE4}.Release|Any CPU.Build.0 = Release|Any CPU
		{5A79D59D-0800-417C-B61D-AAF7495CBAE4}.Release|x64.ActiveCfg = Release|Any CPU
		{5A79D59D-0800-417C-B61D-AAF7495CBAE4}.Release|x64.Build.0 = Release|Any CPU
		{5A79D59D-0800-417C-B61D-AAF7495CBAE4}.Release|x86.ActiveCfg = Release|Any CPU
		{5A79D59D-0800-417C-B61D-AAF7495CBAE4}.Release|x86.Build.0 = Release|Any CPU
		{8763D8E0-880B-41CF-8F3B-DB10B9CB74F6}.Debug|Any CPU.ActiveCfg = Debug|Any CPU
		{8763D8E0-880B-41CF-8F3B-DB10B9CB74F6}.Debug|Any CPU.Build.0 = Debug|Any CPU
		{8763D8E0-880B-41CF-8F3B-DB10B9CB74F6}.Debug|x64.ActiveCfg = Debug|Any CPU
		{8763D8E0-880B-41CF-8F3B-DB10B9CB74F6}.Debug|x64.Build.0 = Debug|Any CPU
		{8763D8E0-880B-41CF-8F3B-DB10B9CB74F6}.Debug|x86.ActiveCfg = Debug|Any CPU
		{8763D8E0-880B-41CF-8F3B-DB10B9CB74F6}.Debug|x86.Build.0 = Debug|Any CPU
		{8763D8E0-880B-41CF-8F3B-DB10B9CB74F6}.Release|Any CPU.ActiveCfg = Release|Any CPU
		{8763D8E0-880B-41CF-8F3B-DB10B9CB74F6}.Release|Any CPU.Build.0 = Release|Any CPU
		{8763D8E0-880B-41CF-8F3B-DB10B9CB74F6}.Release|x64.ActiveCfg = Release|Any CPU
		{8763D8E0-880B-41CF-8F3B-DB10B9CB74F6}.Release|x64.Build.0 = Release|Any CPU
		{8763D8E0-880B-41CF-8F3B-DB10B9CB74F6}.Release|x86.ActiveCfg = Release|Any CPU
		{8763D8E0-880B-41CF-8F3B-DB10B9CB74F6}.Release|x86.Build.0 = Release|Any CPU
		{6B2BEF0F-B7E0-4D31-B879-531BFC1DC4E5}.Debug|Any CPU.ActiveCfg = Debug|Any CPU
		{6B2BEF0F-B7E0-4D31-B879-531BFC1DC4E5}.Debug|Any CPU.Build.0 = Debug|Any CPU
		{6B2BEF0F-B7E0-4D31-B879-531BFC1DC4E5}.Debug|x64.ActiveCfg = Debug|Any CPU
		{6B2BEF0F-B7E0-4D31-B879-531BFC1DC4E5}.Debug|x64.Build.0 = Debug|Any CPU
		{6B2BEF0F-B7E0-4D31-B879-531BFC1DC4E5}.Debug|x86.ActiveCfg = Debug|Any CPU
		{6B2BEF0F-B7E0-4D31-B879-531BFC1DC4E5}.Debug|x86.Build.0 = Debug|Any CPU
		{6B2BEF0F-B7E0-4D31-B879-531BFC1DC4E5}.Release|Any CPU.ActiveCfg = Release|Any CPU
		{6B2BEF0F-B7E0-4D31-B879-531BFC1DC4E5}.Release|Any CPU.Build.0 = Release|Any CPU
		{6B2BEF0F-B7E0-4D31-B879-531BFC1DC4E5}.Release|x64.ActiveCfg = Release|Any CPU
		{6B2BEF0F-B7E0-4D31-B879-531BFC1DC4E5}.Release|x64.Build.0 = Release|Any CPU
		{6B2BEF0F-B7E0-4D31-B879-531BFC1DC4E5}.Release|x86.ActiveCfg = Release|Any CPU
		{6B2BEF0F-B7E0-4D31-B879-531BFC1DC4E5}.Release|x86.Build.0 = Release|Any CPU
		{FBF40FB7-5CE9-4C9C-9A1A-B9E0613F893D}.Debug|Any CPU.ActiveCfg = Debug|Any CPU
		{FBF40FB7-5CE9-4C9C-9A1A-B9E0613F893D}.Debug|Any CPU.Build.0 = Debug|Any CPU
		{FBF40FB7-5CE9-4C9C-9A1A-B9E0613F893D}.Debug|x64.ActiveCfg = Debug|Any CPU
		{FBF40FB7-5CE9-4C9C-9A1A-B9E0613F893D}.Debug|x64.Build.0 = Debug|Any CPU
		{FBF40FB7-5CE9-4C9C-9A1A-B9E0613F893D}.Debug|x86.ActiveCfg = Debug|Any CPU
		{FBF40FB7-5CE9-4C9C-9A1A-B9E0613F893D}.Debug|x86.Build.0 = Debug|Any CPU
		{FBF40FB7-5CE9-4C9C-9A1A-B9E0613F893D}.Release|Any CPU.ActiveCfg = Release|Any CPU
		{FBF40FB7-5CE9-4C9C-9A1A-B9E0613F893D}.Release|Any CPU.Build.0 = Release|Any CPU
		{FBF40FB7-5CE9-4C9C-9A1A-B9E0613F893D}.Release|x64.ActiveCfg = Release|Any CPU
		{FBF40FB7-5CE9-4C9C-9A1A-B9E0613F893D}.Release|x64.Build.0 = Release|Any CPU
		{FBF40FB7-5CE9-4C9C-9A1A-B9E0613F893D}.Release|x86.ActiveCfg = Release|Any CPU
		{FBF40FB7-5CE9-4C9C-9A1A-B9E0613F893D}.Release|x86.Build.0 = Release|Any CPU
		{8532B29C-9E84-4CE3-A6A1-B3BC0BBE2728}.Debug|Any CPU.ActiveCfg = Debug|Any CPU
		{8532B29C-9E84-4CE3-A6A1-B3BC0BBE2728}.Debug|Any CPU.Build.0 = Debug|Any CPU
		{8532B29C-9E84-4CE3-A6A1-B3BC0BBE2728}.Debug|x64.ActiveCfg = Debug|Any CPU
		{8532B29C-9E84-4CE3-A6A1-B3BC0BBE2728}.Debug|x64.Build.0 = Debug|Any CPU
		{8532B29C-9E84-4CE3-A6A1-B3BC0BBE2728}.Debug|x86.ActiveCfg = Debug|Any CPU
		{8532B29C-9E84-4CE3-A6A1-B3BC0BBE2728}.Debug|x86.Build.0 = Debug|Any CPU
		{8532B29C-9E84-4CE3-A6A1-B3BC0BBE2728}.Release|Any CPU.ActiveCfg = Release|Any CPU
		{8532B29C-9E84-4CE3-A6A1-B3BC0BBE2728}.Release|Any CPU.Build.0 = Release|Any CPU
		{8532B29C-9E84-4CE3-A6A1-B3BC0BBE2728}.Release|x64.ActiveCfg = Release|Any CPU
		{8532B29C-9E84-4CE3-A6A1-B3BC0BBE2728}.Release|x64.Build.0 = Release|Any CPU
		{8532B29C-9E84-4CE3-A6A1-B3BC0BBE2728}.Release|x86.ActiveCfg = Release|Any CPU
		{8532B29C-9E84-4CE3-A6A1-B3BC0BBE2728}.Release|x86.Build.0 = Release|Any CPU
		{76F4AD43-E12D-40A5-B154-3B6DBECB3CC8}.Debug|Any CPU.ActiveCfg = Debug|Any CPU
		{76F4AD43-E12D-40A5-B154-3B6DBECB3CC8}.Debug|Any CPU.Build.0 = Debug|Any CPU
		{76F4AD43-E12D-40A5-B154-3B6DBECB3CC8}.Debug|x64.ActiveCfg = Debug|Any CPU
		{76F4AD43-E12D-40A5-B154-3B6DBECB3CC8}.Debug|x64.Build.0 = Debug|Any CPU
		{76F4AD43-E12D-40A5-B154-3B6DBECB3CC8}.Debug|x86.ActiveCfg = Debug|Any CPU
		{76F4AD43-E12D-40A5-B154-3B6DBECB3CC8}.Debug|x86.Build.0 = Debug|Any CPU
		{76F4AD43-E12D-40A5-B154-3B6DBECB3CC8}.Release|Any CPU.ActiveCfg = Release|Any CPU
		{76F4AD43-E12D-40A5-B154-3B6DBECB3CC8}.Release|Any CPU.Build.0 = Release|Any CPU
		{76F4AD43-E12D-40A5-B154-3B6DBECB3CC8}.Release|x64.ActiveCfg = Release|Any CPU
		{76F4AD43-E12D-40A5-B154-3B6DBECB3CC8}.Release|x64.Build.0 = Release|Any CPU
		{76F4AD43-E12D-40A5-B154-3B6DBECB3CC8}.Release|x86.ActiveCfg = Release|Any CPU
		{76F4AD43-E12D-40A5-B154-3B6DBECB3CC8}.Release|x86.Build.0 = Release|Any CPU
		{0A0E5F26-7422-4522-9E2F-111DF4EC2706}.Debug|Any CPU.ActiveCfg = Debug|Any CPU
		{0A0E5F26-7422-4522-9E2F-111DF4EC2706}.Debug|Any CPU.Build.0 = Debug|Any CPU
		{0A0E5F26-7422-4522-9E2F-111DF4EC2706}.Debug|x64.ActiveCfg = Debug|Any CPU
		{0A0E5F26-7422-4522-9E2F-111DF4EC2706}.Debug|x64.Build.0 = Debug|Any CPU
		{0A0E5F26-7422-4522-9E2F-111DF4EC2706}.Debug|x86.ActiveCfg = Debug|Any CPU
		{0A0E5F26-7422-4522-9E2F-111DF4EC2706}.Debug|x86.Build.0 = Debug|Any CPU
		{0A0E5F26-7422-4522-9E2F-111DF4EC2706}.Release|Any CPU.ActiveCfg = Release|Any CPU
		{0A0E5F26-7422-4522-9E2F-111DF4EC2706}.Release|Any CPU.Build.0 = Release|Any CPU
		{0A0E5F26-7422-4522-9E2F-111DF4EC2706}.Release|x64.ActiveCfg = Release|Any CPU
		{0A0E5F26-7422-4522-9E2F-111DF4EC2706}.Release|x64.Build.0 = Release|Any CPU
		{0A0E5F26-7422-4522-9E2F-111DF4EC2706}.Release|x86.ActiveCfg = Release|Any CPU
		{0A0E5F26-7422-4522-9E2F-111DF4EC2706}.Release|x86.Build.0 = Release|Any CPU
	EndGlobalSection
	GlobalSection(SolutionProperties) = preSolution
		HideSolutionNode = FALSE
	EndGlobalSection
	GlobalSection(NestedProjects) = preSolution
		{5A79D59D-0800-417C-B61D-AAF7495CBAE4} = {827E0CD3-B72D-47B6-A68D-7590B98EB39B}
		{8763D8E0-880B-41CF-8F3B-DB10B9CB74F6} = {827E0CD3-B72D-47B6-A68D-7590B98EB39B}
		{6B2BEF0F-B7E0-4D31-B879-531BFC1DC4E5} = {827E0CD3-B72D-47B6-A68D-7590B98EB39B}
		{FBF40FB7-5CE9-4C9C-9A1A-B9E0613F893D} = {827E0CD3-B72D-47B6-A68D-7590B98EB39B}
		{8532B29C-9E84-4CE3-A6A1-B3BC0BBE2728} = {0AB3BF05-4346-4AA6-1389-037BE0695223}
		{76F4AD43-E12D-40A5-B154-3B6DBECB3CC8} = {0AB3BF05-4346-4AA6-1389-037BE0695223}
		{0A0E5F26-7422-4522-9E2F-111DF4EC2706} = {827E0CD3-B72D-47B6-A68D-7590B98EB39B}
	EndGlobalSection
EndGlobal
